
Microsoft Visual Studio Solution File, Format Version 12.00
# Visual Studio Version 17
VisualStudioVersion = 17.10.35201.131
MinimumVisualStudioVersion = 10.0.40219.1
Project("{FAE04EC0-301F-11D3-BF4B-00C04F79EFBC}") = "AdoWelcomeApp", "AdoWelcomeApp\AdoWelcomeApp.csproj", "{AB8D4504-2F61-4D43-984B-25C8A7FBAE1E}"
EndProject
Global
	GlobalSection(SolutionConfigurationPlatforms) = preSolution
		Debug|Any CPU = Debug|Any CPU
		Release|Any CPU = Release|Any CPU
	EndGlobalSection
	GlobalSection(ProjectConfigurationPlatforms) = postSolution
		{AB8D4504-2F61-4D43-984B-25C8A7FBAE1E}.Debug|Any CPU.ActiveCfg = Debug|Any CPU
		{AB8D4504-2F61-4D43-984B-25C8A7FBAE1E}.Debug|Any CPU.Build.0 = Debug|Any CPU
		{AB8D4504-2F61-4D43-984B-25C8A7FBAE1E}.Release|Any CPU.ActiveCfg = Release|Any CPU
		{AB8D4504-2F61-4D43-984B-25C8A7FBAE1E}.Release|Any CPU.Build.0 = Release|Any CPU
	EndGlobalSection
	GlobalSection(SolutionProperties) = preSolution
		HideSolutionNode = FALSE
	EndGlobalSection
	GlobalSection(ExtensibilityGlobals) = postSolution
		SolutionGuid = {62207B14-2B58-4495-B8E3-B167A101EDF9}
	EndGlobalSection
EndGlobal
